
Microsoft Visual Studio Solution File, Format Version 12.00
# Visual Studio 15
VisualStudioVersion = 15.0.26730.16
MinimumVisualStudioVersion = 10.0.40219.1
Project("{FAE04EC0-301F-11D3-BF4B-00C04F79EFBC}") = "StockManagement", "StockManagement\StockManagement.csproj", "{00ABBD4D-9B17-43A9-ADA0-A343ACA94146}"
EndProject
Global
	GlobalSection(SolutionConfigurationPlatforms) = preSolution
		Debug|Any CPU = Debug|Any CPU
		Release|Any CPU = Release|Any CPU
	EndGlobalSection
	GlobalSection(ProjectConfigurationPlatforms) = postSolution
		{00ABBD4D-9B17-43A9-ADA0-A343ACA94146}.Debug|Any CPU.ActiveCfg = Debug|Any CPU
		{00ABBD4D-9B17-43A9-ADA0-A343ACA94146}.Debug|Any CPU.Build.0 = Debug|Any CPU
		{00ABBD4D-9B17-43A9-ADA0-A343ACA94146}.Release|Any CPU.ActiveCfg = Release|Any CPU
		{00ABBD4D-9B17-43A9-ADA0-A343ACA94146}.Release|Any CPU.Build.0 = Release|Any CPU
	EndGlobalSection
	GlobalSection(SolutionProperties) = preSolution
		HideSolutionNode = FALSE
	EndGlobalSection
	GlobalSection(ExtensibilityGlobals) = postSolution
		SolutionGuid = {842EF85F-A585-41D3-8D8D-0E15AA69CCB3}
	EndGlobalSection
EndGlobal
